
Microsoft Visual Studio Solution File, Format Version 12.00
# Visual Studio Version 17
VisualStudioVersion = 17.2.32526.322
MinimumVisualStudioVersion = 10.0.40219.1
Project("{FAE04EC0-301F-11D3-BF4B-00C04F79EFBC}") = "AplicacionWeb", "AplicacionWeb\AplicacionWeb.csproj", "{D226E22A-561A-499B-9435-577B705D3594}"
EndProject
Global
	GlobalSection(SolutionConfigurationPlatforms) = preSolution
		Debug|Any CPU = Debug|Any CPU
		Release|Any CPU = Release|Any CPU
	EndGlobalSection
	GlobalSection(ProjectConfigurationPlatforms) = postSolution
		{D226E22A-561A-499B-9435-577B705D3594}.Debug|Any CPU.ActiveCfg = Debug|Any CPU
		{D226E22A-561A-499B-9435-577B705D3594}.Debug|Any CPU.Build.0 = Debug|Any CPU
		{D226E22A-561A-499B-9435-577B705D3594}.Release|Any CPU.ActiveCfg = Release|Any CPU
		{D226E22A-561A-499B-9435-577B705D3594}.Release|Any CPU.Build.0 = Release|Any CPU
	EndGlobalSection
	GlobalSection(SolutionProperties) = preSolution
		HideSolutionNode = FALSE
	EndGlobalSection
	GlobalSection(ExtensibilityGlobals) = postSolution
		SolutionGuid = {5C2C693E-0033-4D9B-822D-EE50127AC7BA}
	EndGlobalSection
EndGlobal
